
Microsoft Visual Studio Solution File, Format Version 12.00
# Visual Studio Version 16
VisualStudioVersion = 16.0.33529.622
MinimumVisualStudioVersion = 10.0.40219.1
Project("{FAE04EC0-301F-11D3-BF4B-00C04F79EFBC}") = "I M S", "I M S\I M S.csproj", "{46E8E559-6C21-4FFB-860B-9D308C278D89}"
EndProject
Global
	GlobalSection(SolutionConfigurationPlatforms) = preSolution
		Debug|Any CPU = Debug|Any CPU
		Release|Any CPU = Release|Any CPU
	EndGlobalSection
	GlobalSection(ProjectConfigurationPlatforms) = postSolution
		{46E8E559-6C21-4FFB-860B-9D308C278D89}.Debug|Any CPU.ActiveCfg = Debug|Any CPU
		{46E8E559-6C21-4FFB-860B-9D308C278D89}.Debug|Any CPU.Build.0 = Debug|Any CPU
		{46E8E559-6C21-4FFB-860B-9D308C278D89}.Release|Any CPU.ActiveCfg = Release|Any CPU
		{46E8E559-6C21-4FFB-860B-9D308C278D89}.Release|Any CPU.Build.0 = Release|Any CPU
	EndGlobalSection
	GlobalSection(SolutionProperties) = preSolution
		HideSolutionNode = FALSE
	EndGlobalSection
	GlobalSection(ExtensibilityGlobals) = postSolution
		SolutionGuid = {F2202A70-8394-40CB-BDBB-8932068111F2}
	EndGlobalSection
EndGlobal
